<?xml version="1.0" encoding="utf-8"?>
<Project ToolsVersion="4.0" xmlns="http://schemas.microsoft.com/developer/msbuild/2003">
  <ItemGroup>
    <Filter Include="Source Files">
      <UniqueIdentifier>{4FC737F1-C7A5-4376-A066-2A32D752A2FF}</UniqueIdentifier>
      <Extensions>cpp;c;cc;cxx;c++;cppm;ixx;def;odl;idl;hpj;bat;asm;asmx</Extensions>
    </Filter>
    <Filter Include="Header Files">
      <UniqueIdentifier>{93995380-89BD-4b04-88EB-625FBE52EBFB}</UniqueIdentifier>
      <Extensions>h;hh;hpp;hxx;h++;hm;inl;inc;ipp;xsd</Extensions>
    </Filter>
    <Filter Include="Resource Files">
      <UniqueIdentifier>{67DA6AB6-F800-4c08-8B7A-83BB121AAD01}</UniqueIdentifier>
      <Extensions>rc;ico;cur;bmp;dlg;rc2;rct;bin;rgs;gif;jpg;jpeg;jpe;resx;tiff;tif;png;wav;mfcribbon-ms</Extensions>
    </Filter>
  </ItemGroup>
  <ItemGroup>
    <ClCompile Include="src\main.cpp">
      <Filter>Source Files</Filter>
    </ClCompile>
    <ClCompile Include="src\core\application.cpp">
      <Filter>Source Files</Filter>
    </ClCompile>
    <ClCompile Include="src\core\logging.cpp">
      <Filter>Source Files</Filter>
    </ClCompile>
    <ClCompile Include="src\core\window.cpp">
      <Filter>Source Files</Filter>
    </ClCompile>
    <ClCompile Include="src\rendering\renderer.cpp">
      <Filter>Source Files</Filter>
    </ClCompile>
    <ClCompile Include="src\scene\scene_manager.cpp">
      <Filter>Source Files</Filter>
    </ClCompile>
    <ClCompile Include="src\scene\scene.cpp">
      <Filter>Source Files</Filter>
    </ClCompile>
    <ClCompile Include="src\scene\entity.cpp">
      <Filter>Source Files</Filter>
    </ClCompile>
    <ClCompile Include="src\core\uuid.cpp">
      <Filter>Source Files</Filter>
    </ClCompile>
    <ClCompile Include="src\resources\scene_loader.cpp">
      <Filter>Source Files</Filter>
    </ClCompile>
    <ClCompile Include="src\resources\asset_manager.cpp">
      <Filter>Source Files</Filter>
    </ClCompile>
    <ClCompile Include="src\components\transform.cpp">
      <Filter>Source Files</Filter>
    </ClCompile>
    <ClCompile Include="src\components\model_renderer.cpp">
      <Filter>Source Files</Filter>
    </ClCompile>
    <ClCompile Include="src\components\camera_controller.cpp">
      <Filter>Source Files</Filter>
    </ClCompile>
    <ClCompile Include="src\resources\asset_registry.cpp">
      <Filter>Source Files</Filter>
    </ClCompile>
    <ClCompile Include="src\resources\texture2d_loader.cpp">
      <Filter>Source Files</Filter>
    </ClCompile>
    <ClCompile Include="src\resources\pipeline_state_loader.cpp">
      <Filter>Source Files</Filter>
    </ClCompile>
    <ClCompile Include="src\resources\model_loader.cpp">
      <Filter>Source Files</Filter>
    </ClCompile>
    <ClCompile Include="src\resources\material_loader.cpp">
      <Filter>Source Files</Filter>
    </ClCompile>
    <ClCompile Include="src\rendering\frame_graph.cpp">
      <Filter>Source Files</Filter>
    </ClCompile>
    <ClCompile Include="src\core\input.cpp">
      <Filter>Source Files</Filter>
    </ClCompile>
    <ClCompile Include="src\components\directional_light.cpp">
      <Filter>Source Files</Filter>
    </ClCompile>
    <ClCompile Include="src\components\spot_light.cpp">
      <Filter>Source Files</Filter>
    </ClCompile>
    <ClCompile Include="src\components\interp_move.cpp">
      <Filter>Source Files</Filter>
    </ClCompile>
    <ClCompile Include="external\imgui\imgui.cpp">
      <Filter>Source Files</Filter>
    </ClCompile>
    <ClCompile Include="external\imgui\imgui_demo.cpp">
      <Filter>Source Files</Filter>
    </ClCompile>
    <ClCompile Include="external\imgui\imgui_draw.cpp">
      <Filter>Source Files</Filter>
    </ClCompile>
    <ClCompile Include="external\imgui\imgui_impl_dx11.cpp">
      <Filter>Source Files</Filter>
    </ClCompile>
    <ClCompile Include="external\imgui\imgui_impl_win32.cpp">
      <Filter>Source Files</Filter>
    </ClCompile>
    <ClCompile Include="external\imgui\imgui_tables.cpp">
      <Filter>Source Files</Filter>
    </ClCompile>
    <ClCompile Include="external\imgui\imgui_widgets.cpp">
      <Filter>Source Files</Filter>
    </ClCompile>
    <ClCompile Include="src\editor\editor.cpp">
      <Filter>Source Files</Filter>
    </ClCompile>
    <ClCompile Include="external\imgui\imgui_stdlib.cpp">
      <Filter>Source Files</Filter>
    </ClCompile>
    <ClCompile Include="src\scene\scene_culler.cpp">
      <Filter>Source Files</Filter>
    </ClCompile>
    <ClCompile Include="src\debugging\debug.cpp">
      <Filter>Source Files</Filter>
    </ClCompile>
    <ClCompile Include="src\debugging\debug_draw.cpp">
      <Filter>Source Files</Filter>
    </ClCompile>
  </ItemGroup>
  <ItemGroup>
    <ClInclude Include="src\core\application.hpp">
      <Filter>Header Files</Filter>
    </ClInclude>
    <ClInclude Include="src\core\logging.hpp">
      <Filter>Header Files</Filter>
    </ClInclude>
    <ClInclude Include="src\core\frame_context.hpp">
      <Filter>Header Files</Filter>
    </ClInclude>
    <ClInclude Include="src\core\window.hpp">
      <Filter>Header Files</Filter>
    </ClInclude>
    <ClInclude Include="src\rendering\renderer.hpp">
      <Filter>Header Files</Filter>
    </ClInclude>
    <ClInclude Include="src\scene\scene_manager.hpp">
      <Filter>Header Files</Filter>
    </ClInclude>
    <ClInclude Include="src\scene\scene.hpp">
      <Filter>Header Files</Filter>
    </ClInclude>
    <ClInclude Include="src\scene\entity.hpp">
      <Filter>Header Files</Filter>
    </ClInclude>
    <ClInclude Include="src\scene\component.hpp">
      <Filter>Header Files</Filter>
    </ClInclude>
    <ClInclude Include="src\core\uuid.hpp">
      <Filter>Header Files</Filter>
    </ClInclude>
    <ClInclude Include="src\resources\scene_loader.hpp">
      <Filter>Header Files</Filter>
    </ClInclude>
    <ClInclude Include="src\resources\asset_manager.hpp">
      <Filter>Header Files</Filter>
    </ClInclude>
    <ClInclude Include="src\scene\component_registry.hpp">
      <Filter>Header Files</Filter>
    </ClInclude>
    <ClInclude Include="src\components\transform.hpp">
      <Filter>Header Files</Filter>
    </ClInclude>
    <ClInclude Include="src\components\model_renderer.hpp">
      <Filter>Header Files</Filter>
    </ClInclude>
    <ClInclude Include="src\components\camera_controller.hpp">
      <Filter>Header Files</Filter>
    </ClInclude>
    <ClInclude Include="src\resources\model.hpp">
      <Filter>Header Files</Filter>
    </ClInclude>
    <ClInclude Include="src\resources\asset_cache.hpp">
      <Filter>Header Files</Filter>
    </ClInclude>
    <ClInclude Include="src\resources\asset_registry.hpp">
      <Filter>Header Files</Filter>
    </ClInclude>
    <ClInclude Include="external\stb_image\stb_image.h">
      <Filter>Header Files</Filter>
    </ClInclude>
    <ClInclude Include="external\tiny_obj_loader\tiny_obj_loader.h">
      <Filter>Header Files</Filter>
    </ClInclude>
    <ClInclude Include="src\resources\asset_loader.hpp">
      <Filter>Header Files</Filter>
    </ClInclude>
    <ClInclude Include="src\resources\texture2d_loader.hpp">
      <Filter>Header Files</Filter>
    </ClInclude>
    <ClInclude Include="src\resources\model_loader.hpp">
      <Filter>Header Files</Filter>
    </ClInclude>
    <ClInclude Include="src\resources\pipeline_state_loader.hpp">
      <Filter>Header Files</Filter>
    </ClInclude>
    <ClInclude Include="src\resources\material_loader.hpp">
      <Filter>Header Files</Filter>
    </ClInclude>
    <ClInclude Include="src\rendering\render_commands.hpp">
      <Filter>Header Files</Filter>
    </ClInclude>
    <ClInclude Include="src\rendering\render_queue.hpp">
      <Filter>Header Files</Filter>
    </ClInclude>
    <ClInclude Include="src\rendering\frame_graph.hpp">
      <Filter>Header Files</Filter>
    </ClInclude>
    <ClInclude Include="src\core\input.hpp">
      <Filter>Header Files</Filter>
    </ClInclude>
    <ClInclude Include="src\components\directional_light.hpp">
      <Filter>Header Files</Filter>
    </ClInclude>
    <ClInclude Include="src\components\spot_light.hpp">
      <Filter>Header Files</Filter>
    </ClInclude>
    <ClInclude Include="src\components\interp_move.hpp">
      <Filter>Header Files</Filter>
    </ClInclude>
    <ClInclude Include="external\imgui\imgui.h">
      <Filter>Header Files</Filter>
    </ClInclude>
    <ClInclude Include="external\imgui\imgui_impl_dx11.h">
      <Filter>Header Files</Filter>
    </ClInclude>
    <ClInclude Include="external\imgui\imgui_impl_win32.h">
      <Filter>Header Files</Filter>
    </ClInclude>
    <ClInclude Include="external\imgui\imconfig.h">
      <Filter>Header Files</Filter>
    </ClInclude>
    <ClInclude Include="external\imgui\imgui_internal.h">
      <Filter>Header Files</Filter>
    </ClInclude>
    <ClInclude Include="external\imgui\imstb_rectpack.h">
      <Filter>Header Files</Filter>
    </ClInclude>
    <ClInclude Include="external\imgui\imstb_textedit.h">
      <Filter>Header Files</Filter>
    </ClInclude>
    <ClInclude Include="external\imgui\imstb_truetype.h">
      <Filter>Header Files</Filter>
    </ClInclude>
    <ClInclude Include="src\editor\editor.hpp">
      <Filter>Header Files</Filter>
    </ClInclude>
    <ClInclude Include="src\editor\imgui_inspector.hpp">
      <Filter>Header Files</Filter>
    </ClInclude>
    <ClInclude Include="external\imgui\imgui_stdlib.h">
      <Filter>Header Files</Filter>
    </ClInclude>
    <ClInclude Include="src\rendering\render_view.hpp">
      <Filter>Header Files</Filter>
    </ClInclude>
    <ClInclude Include="src\scene\scene_culler.hpp">
      <Filter>Header Files</Filter>
    </ClInclude>
    <ClInclude Include="src\debugging\debug.hpp">
      <Filter>Header Files</Filter>
    </ClInclude>
    <ClInclude Include="src\debugging\debug_draw.hpp">
      <Filter>Header Files</Filter>
    </ClInclude>
  </ItemGroup>
  <ItemGroup>
    <Text Include="scenes\demo_0.txt" />
    <Text Include="todo.txt" />
  </ItemGroup>
  <ItemGroup>
    <FxCompile Include="src\shaders\ps_default.hlsl" />
    <FxCompile Include="src\shaders\vs_default.hlsl" />
    <FxCompile Include="src\shaders\vs_gbuffer.hlsl" />
    <FxCompile Include="src\shaders\ps_gbuffer.hlsl" />
    <FxCompile Include="src\shaders\cs_lighting.hlsl" />
    <FxCompile Include="src\shaders\vs_resolve.hlsl" />
    <FxCompile Include="src\shaders\ps_resolve.hlsl" />
    <FxCompile Include="src\shaders\ps_debug.hlsl" />
    <FxCompile Include="src\shaders\vs_debug.hlsl" />
  </ItemGroup>
</Project>